
Microsoft Visual Studio Solution File, Format Version 12.00
# Visual Studio Version 17
VisualStudioVersion = 17.13.35913.81 d17.13
MinimumVisualStudioVersion = 10.0.40219.1
Project("{FAE04EC0-301F-11D3-BF4B-00C04F79EFBC}") = "SignalRApi", "SignalRApi\SignalRApi.csproj", "{9EEA7A1B-6F47-4DA7-9530-A4E4B1C40172}"
EndProject
Project("{FAE04EC0-301F-11D3-BF4B-00C04F79EFBC}") = "SignalRWebUI", "SignalRWebUI\SignalRWebUI.csproj", "{4DA1BF1D-2C2B-4154-9F85-C46F3B92ECA7}"
EndProject
Project("{FAE04EC0-301F-11D3-BF4B-00C04F79EFBC}") = "SignalR.EntitiyLayer", "SignalR.EntitiyLayer\SignalR.EntitiyLayer.csproj", "{5D1E911C-519E-4EDD-8A8F-CBBFB6F94ACF}"
EndProject
Project("{FAE04EC0-301F-11D3-BF4B-00C04F79EFBC}") = "SignalR.DataAccessLayer", "SignalR.DataAccessLayer\SignalR.DataAccessLayer.csproj", "{EC308612-A021-44F9-B62C-F916F3D526CB}"
EndProject
Project("{FAE04EC0-301F-11D3-BF4B-00C04F79EFBC}") = "SignalR.DtoLayer", "SignalR.DtoLayer\SignalR.DtoLayer.csproj", "{BF67346B-143F-4689-B68F-6262A63C9F5C}"
EndProject
Project("{FAE04EC0-301F-11D3-BF4B-00C04F79EFBC}") = "SignalR.BusinessLayer", "SignalR.BusinessLayer\SignalR.BusinessLayer.csproj", "{A0C365E4-9F82-45A6-A6F4-26ED6094C734}"
EndProject
Global
	GlobalSection(SolutionConfigurationPlatforms) = preSolution
		Debug|Any CPU = Debug|Any CPU
		Release|Any CPU = Release|Any CPU
	EndGlobalSection
	GlobalSection(ProjectConfigurationPlatforms) = postSolution
		{9EEA7A1B-6F47-4DA7-9530-A4E4B1C40172}.Debug|Any CPU.ActiveCfg = Debug|Any CPU
		{9EEA7A1B-6F47-4DA7-9530-A4E4B1C40172}.Debug|Any CPU.Build.0 = Debug|Any CPU
		{9EEA7A1B-6F47-4DA7-9530-A4E4B1C40172}.Release|Any CPU.ActiveCfg = Release|Any CPU
		{9EEA7A1B-6F47-4DA7-9530-A4E4B1C40172}.Release|Any CPU.Build.0 = Release|Any CPU
		{4DA1BF1D-2C2B-4154-9F85-C46F3B92ECA7}.Debug|Any CPU.ActiveCfg = Debug|Any CPU
		{4DA1BF1D-2C2B-4154-9F85-C46F3B92ECA7}.Debug|Any CPU.Build.0 = Debug|Any CPU
		{4DA1BF1D-2C2B-4154-9F85-C46F3B92ECA7}.Release|Any CPU.ActiveCfg = Release|Any CPU
		{4DA1BF1D-2C2B-4154-9F85-C46F3B92ECA7}.Release|Any CPU.Build.0 = Release|Any CPU
		{5D1E911C-519E-4EDD-8A8F-CBBFB6F94ACF}.Debug|Any CPU.ActiveCfg = Debug|Any CPU
		{5D1E911C-519E-4EDD-8A8F-CBBFB6F94ACF}.Debug|Any CPU.Build.0 = Debug|Any CPU
		{5D1E911C-519E-4EDD-8A8F-CBBFB6F94ACF}.Release|Any CPU.ActiveCfg = Release|Any CPU
		{5D1E911C-519E-4EDD-8A8F-CBBFB6F94ACF}.Release|Any CPU.Build.0 = Release|Any CPU
		{EC308612-A021-44F9-B62C-F916F3D526CB}.Debug|Any CPU.ActiveCfg = Debug|Any CPU
		{EC308612-A021-44F9-B62C-F916F3D526CB}.Debug|Any CPU.Build.0 = Debug|Any CPU
		{EC308612-A021-44F9-B62C-F916F3D526CB}.Release|Any CPU.ActiveCfg = Release|Any CPU
		{EC308612-A021-44F9-B62C-F916F3D526CB}.Release|Any CPU.Build.0 = Release|Any CPU
		{BF67346B-143F-4689-B68F-6262A63C9F5C}.Debug|Any CPU.ActiveCfg = Debug|Any CPU
		{BF67346B-143F-4689-B68F-6262A63C9F5C}.Debug|Any CPU.Build.0 = Debug|Any CPU
		{BF67346B-143F-4689-B68F-6262A63C9F5C}.Release|Any CPU.ActiveCfg = Release|Any CPU
		{BF67346B-143F-4689-B68F-6262A63C9F5C}.Release|Any CPU.Build.0 = Release|Any CPU
		{A0C365E4-9F82-45A6-A6F4-26ED6094C734}.Debug|Any CPU.ActiveCfg = Debug|Any CPU
		{A0C365E4-9F82-45A6-A6F4-26ED6094C734}.Debug|Any CPU.Build.0 = Debug|Any CPU
		{A0C365E4-9F82-45A6-A6F4-26ED6094C734}.Release|Any CPU.ActiveCfg = Release|Any CPU
		{A0C365E4-9F82-45A6-A6F4-26ED6094C734}.Release|Any CPU.Build.0 = Release|Any CPU
	EndGlobalSection
	GlobalSection(SolutionProperties) = preSolution
		HideSolutionNode = FALSE
	EndGlobalSection
	GlobalSection(ExtensibilityGlobals) = postSolution
		SolutionGuid = {E062C94A-ADB7-4F8E-9608-A05AD8AB17E5}
	EndGlobalSection
EndGlobal
